
Microsoft Visual Studio Solution File, Format Version 12.00
# Visual Studio 2012
Project("{FAE04EC0-301F-11D3-BF4B-00C04F79EFBC}") = "MidnightConsole", "MidnightConsole\MidnightConsole.csproj", "{29434A78-2D3E-4F6D-8EA9-7AA90398E10A}"
EndProject
Project("{FAE04EC0-301F-11D3-BF4B-00C04F79EFBC}") = "TME.net", "TME.net\TME.net.csproj", "{44EAFD16-9900-4A15-A054-A11B976CE5C3}"
EndProject
Global
	GlobalSection(SolutionConfigurationPlatforms) = preSolution
		Debug|Any CPU = Debug|Any CPU
		Release|Any CPU = Release|Any CPU
	EndGlobalSection
	GlobalSection(ProjectConfigurationPlatforms) = postSolution
		{29434A78-2D3E-4F6D-8EA9-7AA90398E10A}.Debug|Any CPU.ActiveCfg = Debug|Any CPU
		{29434A78-2D3E-4F6D-8EA9-7AA90398E10A}.Debug|Any CPU.Build.0 = Debug|Any CPU
		{29434A78-2D3E-4F6D-8EA9-7AA90398E10A}.Release|Any CPU.ActiveCfg = Release|Any CPU
		{29434A78-2D3E-4F6D-8EA9-7AA90398E10A}.Release|Any CPU.Build.0 = Release|Any CPU
		{44EAFD16-9900-4A15-A054-A11B976CE5C3}.Debug|Any CPU.ActiveCfg = Debug|Any CPU
		{44EAFD16-9900-4A15-A054-A11B976CE5C3}.Debug|Any CPU.Build.0 = Debug|Any CPU
		{44EAFD16-9900-4A15-A054-A11B976CE5C3}.Release|Any CPU.ActiveCfg = Release|Any CPU
		{44EAFD16-9900-4A15-A054-A11B976CE5C3}.Release|Any CPU.Build.0 = Release|Any CPU
	EndGlobalSection
EndGlobal
